// !$*UTF8*$!
{
	archiveVersion = 1;
	classes = {
	};
	objectVersion = 51;
	objects = {

/* Begin PBXBuildFile section */
		43F5E176544B7C7C422020DF /* RuleCombined.swift in Sources */ = {isa = PBXBuildFile; fileRef = 43F5E0E995082B9987FDA64E /* RuleCombined.swift */; };
		54B537109D254C19F3F0820A /* Pods_RevoValidation.framework in Frameworks */ = {isa = PBXBuildFile; fileRef = 9EE5D610528889C0D67062E8 /* Pods_RevoValidation.framework */; };
		6C22F238182AB618B3468942 /* Pods_RevoValidationTests.framework in Frameworks */ = {isa = PBXBuildFile; fileRef = 313A029B2213DD326D7C7196 /* Pods_RevoValidationTests.framework */; };
		8D7289D12497D090007FE172 /* RuleAge.swift in Sources */ = {isa = PBXBuildFile; fileRef = 8D7289D02497D090007FE172 /* RuleAge.swift */; };
		8D89C2D825126F90005537F1 /* Rules.swift in Sources */ = {isa = PBXBuildFile; fileRef = 8D89C2D725126F90005537F1 /* Rules.swift */; };
		BB09FD7728B90DC200DBD8A0 /* RuleDni.swift in Sources */ = {isa = PBXBuildFile; fileRef = BB09FD7628B90DC200DBD8A0 /* RuleDni.swift */; };
		BB812D3E249E511C007E3CEF /* RuleConfirmPassword.swift in Sources */ = {isa = PBXBuildFile; fileRef = BB812D3D249E511C007E3CEF /* RuleConfirmPassword.swift */; };
		BBB84AEA248D23B0004A7C76 /* AppDelegate.swift in Sources */ = {isa = PBXBuildFile; fileRef = BBB84AE9248D23B0004A7C76 /* AppDelegate.swift */; };
		BBB84AEC248D23B0004A7C76 /* SceneDelegate.swift in Sources */ = {isa = PBXBuildFile; fileRef = BBB84AEB248D23B0004A7C76 /* SceneDelegate.swift */; };
		BBB84AEE248D23B0004A7C76 /* ViewController.swift in Sources */ = {isa = PBXBuildFile; fileRef = BBB84AED248D23B0004A7C76 /* ViewController.swift */; };
		BBB84AF1248D23B0004A7C76 /* Main.storyboard in Resources */ = {isa = PBXBuildFile; fileRef = BBB84AEF248D23B0004A7C76 /* Main.storyboard */; };
		BBB84AF3248D23B3004A7C76 /* Assets.xcassets in Resources */ = {isa = PBXBuildFile; fileRef = BBB84AF2248D23B3004A7C76 /* Assets.xcassets */; };
		BBB84AF6248D23B3004A7C76 /* LaunchScreen.storyboard in Resources */ = {isa = PBXBuildFile; fileRef = BBB84AF4248D23B3004A7C76 /* LaunchScreen.storyboard */; };
		BBB84B01248D23B3004A7C76 /* RevoValidationTests.swift in Sources */ = {isa = PBXBuildFile; fileRef = BBB84B00248D23B3004A7C76 /* RevoValidationTests.swift */; };
		BBB84B15248D23F6004A7C76 /* FormValidation.swift in Sources */ = {isa = PBXBuildFile; fileRef = BBB84B0C248D23F6004A7C76 /* FormValidation.swift */; };
		BBB84B16248D23F6004A7C76 /* Validation.swift in Sources */ = {isa = PBXBuildFile; fileRef = BBB84B0D248D23F6004A7C76 /* Validation.swift */; };
		BBB84B17248D23F6004A7C76 /* RuleContainsNumber.swift in Sources */ = {isa = PBXBuildFile; fileRef = BBB84B0F248D23F6004A7C76 /* RuleContainsNumber.swift */; };
		BBB84B18248D23F6004A7C76 /* RuleContainSpecialChars.swift in Sources */ = {isa = PBXBuildFile; fileRef = BBB84B10248D23F6004A7C76 /* RuleContainSpecialChars.swift */; };
		BBB84B19248D23F6004A7C76 /* RuleLength.swift in Sources */ = {isa = PBXBuildFile; fileRef = BBB84B11248D23F6004A7C76 /* RuleLength.swift */; };
		BBB84B1A248D23F6004A7C76 /* RuleRequired.swift in Sources */ = {isa = PBXBuildFile; fileRef = BBB84B12248D23F6004A7C76 /* RuleRequired.swift */; };
		BBB84B1B248D23F6004A7C76 /* RuleEmail.swift in Sources */ = {isa = PBXBuildFile; fileRef = BBB84B13248D23F6004A7C76 /* RuleEmail.swift */; };
		BBB84B1C248D23F6004A7C76 /* Rule.swift in Sources */ = {isa = PBXBuildFile; fileRef = BBB84B14248D23F6004A7C76 /* Rule.swift */; };
		BBB84B1E248D241B004A7C76 /* RuleNumeric.swift in Sources */ = {isa = PBXBuildFile; fileRef = BBB84B1D248D241B004A7C76 /* RuleNumeric.swift */; };
		BBE51DC428B90E2D00E4AFDA /* RuleDNITest.swift in Sources */ = {isa = PBXBuildFile; fileRef = BBE51DC328B90E2D00E4AFDA /* RuleDNITest.swift */; };
		EAFDCCD828DC71BD0038612F /* RuleUnique.swift in Sources */ = {isa = PBXBuildFile; fileRef = EAFDCCD728DC71BD0038612F /* RuleUnique.swift */; };
		EAFDCCDA28DC73270038612F /* ValidationTranslator.swift in Sources */ = {isa = PBXBuildFile; fileRef = EAFDCCD928DC73270038612F /* ValidationTranslator.swift */; };
/* End PBXBuildFile section */

/* Begin PBXContainerItemProxy section */
		BBB84AFD248D23B3004A7C76 /* PBXContainerItemProxy */ = {
			isa = PBXContainerItemProxy;
			containerPortal = BBB84ADE248D23B0004A7C76 /* Project object */;
			proxyType = 1;
			remoteGlobalIDString = BBB84AE5248D23B0004A7C76;
			remoteInfo = RevoValidation;
		};
/* End PBXContainerItemProxy section */

/* Begin PBXFileReference section */
		0BF68CC41C59C85FC53DC0B3 /* Pods-RevoValidationTests.debug.xcconfig */ = {isa = PBXFileReference; includeInIndex = 1; lastKnownFileType = text.xcconfig; name = "Pods-RevoValidationTests.debug.xcconfig"; path = "Target Support Files/Pods-RevoValidationTests/Pods-RevoValidationTests.debug.xcconfig"; sourceTree = "<group>"; };
		313A029B2213DD326D7C7196 /* Pods_RevoValidationTests.framework */ = {isa = PBXFileReference; explicitFileType = wrapper.framework; includeInIndex = 0; path = Pods_RevoValidationTests.framework; sourceTree = BUILT_PRODUCTS_DIR; };
		43F5E0E995082B9987FDA64E /* RuleCombined.swift */ = {isa = PBXFileReference; fileEncoding = 4; lastKnownFileType = sourcecode.swift; path = RuleCombined.swift; sourceTree = "<group>"; };
		5A599D79E3EF4BA409FAC3A3 /* Pods-RevoValidation.release.xcconfig */ = {isa = PBXFileReference; includeInIndex = 1; lastKnownFileType = text.xcconfig; name = "Pods-RevoValidation.release.xcconfig"; path = "Target Support Files/Pods-RevoValidation/Pods-RevoValidation.release.xcconfig"; sourceTree = "<group>"; };
		8D7289D02497D090007FE172 /* RuleAge.swift */ = {isa = PBXFileReference; lastKnownFileType = sourcecode.swift; path = RuleAge.swift; sourceTree = "<group>"; };
		8D89C2D725126F90005537F1 /* Rules.swift */ = {isa = PBXFileReference; fileEncoding = 4; lastKnownFileType = sourcecode.swift; path = Rules.swift; sourceTree = "<group>"; };
		9985FDFA2146CFC0ABE31997 /* Pods-RevoValidationTests.release.xcconfig */ = {isa = PBXFileReference; includeInIndex = 1; lastKnownFileType = text.xcconfig; name = "Pods-RevoValidationTests.release.xcconfig"; path = "Target Support Files/Pods-RevoValidationTests/Pods-RevoValidationTests.release.xcconfig"; sourceTree = "<group>"; };
		9EE5D610528889C0D67062E8 /* Pods_RevoValidation.framework */ = {isa = PBXFileReference; explicitFileType = wrapper.framework; includeInIndex = 0; path = Pods_RevoValidation.framework; sourceTree = BUILT_PRODUCTS_DIR; };
		BB09FD7628B90DC200DBD8A0 /* RuleDni.swift */ = {isa = PBXFileReference; lastKnownFileType = sourcecode.swift; path = RuleDni.swift; sourceTree = "<group>"; };
		BB812D3D249E511C007E3CEF /* RuleConfirmPassword.swift */ = {isa = PBXFileReference; lastKnownFileType = sourcecode.swift; path = RuleConfirmPassword.swift; sourceTree = "<group>"; };
		BBB84AE6248D23B0004A7C76 /* RevoValidation.app */ = {isa = PBXFileReference; explicitFileType = wrapper.application; includeInIndex = 0; path = RevoValidation.app; sourceTree = BUILT_PRODUCTS_DIR; };
		BBB84AE9248D23B0004A7C76 /* AppDelegate.swift */ = {isa = PBXFileReference; lastKnownFileType = sourcecode.swift; path = AppDelegate.swift; sourceTree = "<group>"; };
		BBB84AEB248D23B0004A7C76 /* SceneDelegate.swift */ = {isa = PBXFileReference; lastKnownFileType = sourcecode.swift; path = SceneDelegate.swift; sourceTree = "<group>"; };
		BBB84AED248D23B0004A7C76 /* ViewController.swift */ = {isa = PBXFileReference; lastKnownFileType = sourcecode.swift; path = ViewController.swift; sourceTree = "<group>"; };
		BBB84AF0248D23B0004A7C76 /* Base */ = {isa = PBXFileReference; lastKnownFileType = file.storyboard; name = Base; path = Base.lproj/Main.storyboard; sourceTree = "<group>"; };
		BBB84AF2248D23B3004A7C76 /* Assets.xcassets */ = {isa = PBXFileReference; lastKnownFileType = folder.assetcatalog; path = Assets.xcassets; sourceTree = "<group>"; };
		BBB84AF5248D23B3004A7C76 /* Base */ = {isa = PBXFileReference; lastKnownFileType = file.storyboard; name = Base; path = Base.lproj/LaunchScreen.storyboard; sourceTree = "<group>"; };
		BBB84AF7248D23B3004A7C76 /* Info.plist */ = {isa = PBXFileReference; lastKnownFileType = text.plist.xml; path = Info.plist; sourceTree = "<group>"; };
		BBB84AFC248D23B3004A7C76 /* RevoValidationTests.xctest */ = {isa = PBXFileReference; explicitFileType = wrapper.cfbundle; includeInIndex = 0; path = RevoValidationTests.xctest; sourceTree = BUILT_PRODUCTS_DIR; };
		BBB84B00248D23B3004A7C76 /* RevoValidationTests.swift */ = {isa = PBXFileReference; lastKnownFileType = sourcecode.swift; path = RevoValidationTests.swift; sourceTree = "<group>"; };
		BBB84B02248D23B3004A7C76 /* Info.plist */ = {isa = PBXFileReference; lastKnownFileType = text.plist.xml; path = Info.plist; sourceTree = "<group>"; };
		BBB84B0C248D23F6004A7C76 /* FormValidation.swift */ = {isa = PBXFileReference; fileEncoding = 4; lastKnownFileType = sourcecode.swift; path = FormValidation.swift; sourceTree = "<group>"; };
		BBB84B0D248D23F6004A7C76 /* Validation.swift */ = {isa = PBXFileReference; fileEncoding = 4; lastKnownFileType = sourcecode.swift; path = Validation.swift; sourceTree = "<group>"; };
		BBB84B0F248D23F6004A7C76 /* RuleContainsNumber.swift */ = {isa = PBXFileReference; fileEncoding = 4; lastKnownFileType = sourcecode.swift; path = RuleContainsNumber.swift; sourceTree = "<group>"; };
		BBB84B10248D23F6004A7C76 /* RuleContainSpecialChars.swift */ = {isa = PBXFileReference; fileEncoding = 4; lastKnownFileType = sourcecode.swift; path = RuleContainSpecialChars.swift; sourceTree = "<group>"; };
		BBB84B11248D23F6004A7C76 /* RuleLength.swift */ = {isa = PBXFileReference; fileEncoding = 4; lastKnownFileType = sourcecode.swift; path = RuleLength.swift; sourceTree = "<group>"; };
		BBB84B12248D23F6004A7C76 /* RuleRequired.swift */ = {isa = PBXFileReference; fileEncoding = 4; lastKnownFileType = sourcecode.swift; path = RuleRequired.swift; sourceTree = "<group>"; };
		BBB84B13248D23F6004A7C76 /* RuleEmail.swift */ = {isa = PBXFileReference; fileEncoding = 4; lastKnownFileType = sourcecode.swift; path = RuleEmail.swift; sourceTree = "<group>"; };
		BBB84B14248D23F6004A7C76 /* Rule.swift */ = {isa = PBXFileReference; fileEncoding = 4; lastKnownFileType = sourcecode.swift; path = Rule.swift; sourceTree = "<group>"; };
		BBB84B1D248D241B004A7C76 /* RuleNumeric.swift */ = {isa = PBXFileReference; lastKnownFileType = sourcecode.swift; path = RuleNumeric.swift; sourceTree = "<group>"; };
		BBE51DC328B90E2D00E4AFDA /* RuleDNITest.swift */ = {isa = PBXFileReference; lastKnownFileType = sourcecode.swift; path = RuleDNITest.swift; sourceTree = "<group>"; };
		EAFDCCD728DC71BD0038612F /* RuleUnique.swift */ = {isa = PBXFileReference; fileEncoding = 4; lastKnownFileType = sourcecode.swift; path = RuleUnique.swift; sourceTree = "<group>"; };
		EAFDCCD928DC73270038612F /* ValidationTranslator.swift */ = {isa = PBXFileReference; lastKnownFileType = sourcecode.swift; path = ValidationTranslator.swift; sourceTree = "<group>"; };
		F82EF8AB48762E9058C4022E /* Pods-RevoValidation.debug.xcconfig */ = {isa = PBXFileReference; includeInIndex = 1; lastKnownFileType = text.xcconfig; name = "Pods-RevoValidation.debug.xcconfig"; path = "Target Support Files/Pods-RevoValidation/Pods-RevoValidation.debug.xcconfig"; sourceTree = "<group>"; };
/* End PBXFileReference section */

/* Begin PBXFrameworksBuildPhase section */
		BBB84AE3248D23B0004A7C76 /* Frameworks */ = {
			isa = PBXFrameworksBuildPhase;
			buildActionMask = 2147483647;
			files = (
				54B537109D254C19F3F0820A /* Pods_RevoValidation.framework in Frameworks */,
			);
			runOnlyForDeploymentPostprocessing = 0;
		};
		BBB84AF9248D23B3004A7C76 /* Frameworks */ = {
			isa = PBXFrameworksBuildPhase;
			buildActionMask = 2147483647;
			files = (
				6C22F238182AB618B3468942 /* Pods_RevoValidationTests.framework in Frameworks */,
			);
			runOnlyForDeploymentPostprocessing = 0;
		};
/* End PBXFrameworksBuildPhase section */

/* Begin PBXGroup section */
		BBB84ADD248D23B0004A7C76 = {
			isa = PBXGroup;
			children = (
				BBB84AE8248D23B0004A7C76 /* RevoValidation */,
				BBB84AFF248D23B3004A7C76 /* RevoValidationTests */,
				BBB84AE7248D23B0004A7C76 /* Products */,
				E4CCC2E07E84BA62BDDDD8D3 /* Pods */,
				C47B700001EC9A515C05558B /* Frameworks */,
			);
			sourceTree = "<group>";
		};
		BBB84AE7248D23B0004A7C76 /* Products */ = {
			isa = PBXGroup;
			children = (
				BBB84AE6248D23B0004A7C76 /* RevoValidation.app */,
				BBB84AFC248D23B3004A7C76 /* RevoValidationTests.xctest */,
			);
			name = Products;
			sourceTree = "<group>";
		};
		BBB84AE8248D23B0004A7C76 /* RevoValidation */ = {
			isa = PBXGroup;
			children = (
				BBB84B0B248D23BA004A7C76 /* src */,
				BBB84AE9248D23B0004A7C76 /* AppDelegate.swift */,
				BBB84AEB248D23B0004A7C76 /* SceneDelegate.swift */,
				BBB84AED248D23B0004A7C76 /* ViewController.swift */,
				BBB84AEF248D23B0004A7C76 /* Main.storyboard */,
				BBB84AF2248D23B3004A7C76 /* Assets.xcassets */,
				BBB84AF4248D23B3004A7C76 /* LaunchScreen.storyboard */,
				BBB84AF7248D23B3004A7C76 /* Info.plist */,
			);
			path = RevoValidation;
			sourceTree = "<group>";
		};
		BBB84AFF248D23B3004A7C76 /* RevoValidationTests */ = {
			isa = PBXGroup;
			children = (
				BBB84B00248D23B3004A7C76 /* RevoValidationTests.swift */,
				BBB84B02248D23B3004A7C76 /* Info.plist */,
				BBE51DC328B90E2D00E4AFDA /* RuleDNITest.swift */,
			);
			path = RevoValidationTests;
			sourceTree = "<group>";
		};
		BBB84B0B248D23BA004A7C76 /* src */ = {
			isa = PBXGroup;
			children = (
				8D89C2D725126F90005537F1 /* Rules.swift */,
				BBB84B0C248D23F6004A7C76 /* FormValidation.swift */,
				BBB84B0E248D23F6004A7C76 /* Rules */,
				BBB84B0D248D23F6004A7C76 /* Validation.swift */,
				BBB84B14248D23F6004A7C76 /* Rule.swift */,
				EAFDCCD928DC73270038612F /* ValidationTranslator.swift */,
			);
			path = src;
			sourceTree = "<group>";
		};
		BBB84B0E248D23F6004A7C76 /* Rules */ = {
			isa = PBXGroup;
			children = (
				EAFDCCD728DC71BD0038612F /* RuleUnique.swift */,
				BBB84B0F248D23F6004A7C76 /* RuleContainsNumber.swift */,
				BBB84B10248D23F6004A7C76 /* RuleContainSpecialChars.swift */,
				BBB84B11248D23F6004A7C76 /* RuleLength.swift */,
				BBB84B12248D23F6004A7C76 /* RuleRequired.swift */,
				BBB84B13248D23F6004A7C76 /* RuleEmail.swift */,
				BBB84B1D248D241B004A7C76 /* RuleNumeric.swift */,
				8D7289D02497D090007FE172 /* RuleAge.swift */,
				BB812D3D249E511C007E3CEF /* RuleConfirmPassword.swift */,
				43F5E0E995082B9987FDA64E /* RuleCombined.swift */,
				BB09FD7628B90DC200DBD8A0 /* RuleDni.swift */,
			);
			path = Rules;
			sourceTree = "<group>";
		};
		C47B700001EC9A515C05558B /* Frameworks */ = {
			isa = PBXGroup;
			children = (
				9EE5D610528889C0D67062E8 /* Pods_RevoValidation.framework */,
				313A029B2213DD326D7C7196 /* Pods_RevoValidationTests.framework */,
			);
			name = Frameworks;
			sourceTree = "<group>";
		};
		E4CCC2E07E84BA62BDDDD8D3 /* Pods */ = {
			isa = PBXGroup;
			children = (
				F82EF8AB48762E9058C4022E /* Pods-RevoValidation.debug.xcconfig */,
				5A599D79E3EF4BA409FAC3A3 /* Pods-RevoValidation.release.xcconfig */,
				0BF68CC41C59C85FC53DC0B3 /* Pods-RevoValidationTests.debug.xcconfig */,
				9985FDFA2146CFC0ABE31997 /* Pods-RevoValidationTests.release.xcconfig */,
			);
			path = Pods;
			sourceTree = "<group>";
		};
/* End PBXGroup section */

/* Begin PBXNativeTarget section */
		BBB84AE5248D23B0004A7C76 /* RevoValidation */ = {
			isa = PBXNativeTarget;
			buildConfigurationList = BBB84B05248D23B3004A7C76 /* Build configuration list for PBXNativeTarget "RevoValidation" */;
			buildPhases = (
				7DDFE0C04F45DFB9A81DA0E7 /* [CP] Check Pods Manifest.lock */,
				BBB84AE2248D23B0004A7C76 /* Sources */,
				BBB84AE3248D23B0004A7C76 /* Frameworks */,
				BBB84AE4248D23B0004A7C76 /* Resources */,
				53FEF1B3C7F09BC74568CE99 /* [CP] Embed Pods Frameworks */,
			);
			buildRules = (
			);
			dependencies = (
			);
			name = RevoValidation;
			productName = RevoValidation;
			productReference = BBB84AE6248D23B0004A7C76 /* RevoValidation.app */;
			productType = "com.apple.product-type.application";
		};
		BBB84AFB248D23B3004A7C76 /* RevoValidationTests */ = {
			isa = PBXNativeTarget;
			buildConfigurationList = BBB84B08248D23B3004A7C76 /* Build configuration list for PBXNativeTarget "RevoValidationTests" */;
			buildPhases = (
				2E83F0B945395E0C5B83A120 /* [CP] Check Pods Manifest.lock */,
				BBB84AF8248D23B3004A7C76 /* Sources */,
				BBB84AF9248D23B3004A7C76 /* Frameworks */,
				BBB84AFA248D23B3004A7C76 /* Resources */,
			);
			buildRules = (
			);
			dependencies = (
				BBB84AFE248D23B3004A7C76 /* PBXTargetDependency */,
			);
			name = RevoValidationTests;
			productName = RevoValidationTests;
			productReference = BBB84AFC248D23B3004A7C76 /* RevoValidationTests.xctest */;
			productType = "com.apple.product-type.bundle.unit-test";
		};
/* End PBXNativeTarget section */

/* Begin PBXProject section */
		BBB84ADE248D23B0004A7C76 /* Project object */ = {
			isa = PBXProject;
			attributes = {
				LastSwiftUpdateCheck = 1150;
				LastUpgradeCheck = 1340;
				ORGANIZATIONNAME = "Jordi Puigdellívol";
				TargetAttributes = {
					BBB84AE5248D23B0004A7C76 = {
						CreatedOnToolsVersion = 11.5;
					};
					BBB84AFB248D23B3004A7C76 = {
						CreatedOnToolsVersion = 11.5;
						TestTargetID = BBB84AE5248D23B0004A7C76;
					};
				};
			};
			buildConfigurationList = BBB84AE1248D23B0004A7C76 /* Build configuration list for PBXProject "RevoValidation" */;
			compatibilityVersion = "Xcode 9.3";
			developmentRegion = en;
			hasScannedForEncodings = 0;
			knownRegions = (
				en,
				Base,
			);
			mainGroup = BBB84ADD248D23B0004A7C76;
			productRefGroup = BBB84AE7248D23B0004A7C76 /* Products */;
			projectDirPath = "";
			projectRoot = "";
			targets = (
				BBB84AE5248D23B0004A7C76 /* RevoValidation */,
				BBB84AFB248D23B3004A7C76 /* RevoValidationTests */,
			);
		};
/* End PBXProject section */

/* Begin PBXResourcesBuildPhase section */
		BBB84AE4248D23B0004A7C76 /* Resources */ = {
			isa = PBXResourcesBuildPhase;
			buildActionMask = 2147483647;
			files = (
				BBB84AF6248D23B3004A7C76 /* LaunchScreen.storyboard in Resources */,
				BBB84AF3248D23B3004A7C76 /* Assets.xcassets in Resources */,
				BBB84AF1248D23B0004A7C76 /* Main.storyboard in Resources */,
			);
			runOnlyForDeploymentPostprocessing = 0;
		};
		BBB84AFA248D23B3004A7C76 /* Resources */ = {
			isa = PBXResourcesBuildPhase;
			buildActionMask = 2147483647;
			files = (
			);
			runOnlyForDeploymentPostprocessing = 0;
		};
/* End PBXResourcesBuildPhase section */

/* Begin PBXShellScriptBuildPhase section */
		2E83F0B945395E0C5B83A120 /* [CP] Check Pods Manifest.lock */ = {
			isa = PBXShellScriptBuildPhase;
			buildActionMask = 2147483647;
			files = (
			);
			inputFileListPaths = (
			);
			inputPaths = (
				"${PODS_PODFILE_DIR_PATH}/Podfile.lock",
				"${PODS_ROOT}/Manifest.lock",
			);
			name = "[CP] Check Pods Manifest.lock";
			outputFileListPaths = (
			);
			outputPaths = (
				"$(DERIVED_FILE_DIR)/Pods-RevoValidationTests-checkManifestLockResult.txt",
			);
			runOnlyForDeploymentPostprocessing = 0;
			shellPath = /bin/sh;
			shellScript = "diff \"${PODS_PODFILE_DIR_PATH}/Podfile.lock\" \"${PODS_ROOT}/Manifest.lock\" > /dev/null\nif [ $? != 0 ] ; then\n    # print error to STDERR\n    echo \"error: The sandbox is not in sync with the Podfile.lock. Run 'pod install' or update your CocoaPods installation.\" >&2\n    exit 1\nfi\n# This output is used by Xcode 'outputs' to avoid re-running this script phase.\necho \"SUCCESS\" > \"${SCRIPT_OUTPUT_FILE_0}\"\n";
			showEnvVarsInLog = 0;
		};
		53FEF1B3C7F09BC74568CE99 /* [CP] Embed Pods Frameworks */ = {
			isa = PBXShellScriptBuildPhase;
			buildActionMask = 2147483647;
			files = (
			);
			inputFileListPaths = (
				"${PODS_ROOT}/Target Support Files/Pods-RevoValidation/Pods-RevoValidation-frameworks-${CONFIGURATION}-input-files.xcfilelist",
			);
			name = "[CP] Embed Pods Frameworks";
			outputFileListPaths = (
				"${PODS_ROOT}/Target Support Files/Pods-RevoValidation/Pods-RevoValidation-frameworks-${CONFIGURATION}-output-files.xcfilelist",
			);
			runOnlyForDeploymentPostprocessing = 0;
			shellPath = /bin/sh;
			shellScript = "\"${PODS_ROOT}/Target Support Files/Pods-RevoValidation/Pods-RevoValidation-frameworks.sh\"\n";
			showEnvVarsInLog = 0;
		};
		7DDFE0C04F45DFB9A81DA0E7 /* [CP] Check Pods Manifest.lock */ = {
			isa = PBXShellScriptBuildPhase;
			buildActionMask = 2147483647;
			files = (
			);
			inputFileListPaths = (
			);
			inputPaths = (
				"${PODS_PODFILE_DIR_PATH}/Podfile.lock",
				"${PODS_ROOT}/Manifest.lock",
			);
			name = "[CP] Check Pods Manifest.lock";
			outputFileListPaths = (
			);
			outputPaths = (
				"$(DERIVED_FILE_DIR)/Pods-RevoValidation-checkManifestLockResult.txt",
			);
			runOnlyForDeploymentPostprocessing = 0;
			shellPath = /bin/sh;
			shellScript = "diff \"${PODS_PODFILE_DIR_PATH}/Podfile.lock\" \"${PODS_ROOT}/Manifest.lock\" > /dev/null\nif [ $? != 0 ] ; then\n    # print error to STDERR\n    echo \"error: The sandbox is not in sync with the Podfile.lock. Run 'pod install' or update your CocoaPods installation.\" >&2\n    exit 1\nfi\n# This output is used by Xcode 'outputs' to avoid re-running this script phase.\necho \"SUCCESS\" > \"${SCRIPT_OUTPUT_FILE_0}\"\n";
			showEnvVarsInLog = 0;
		};
/* End PBXShellScriptBuildPhase section */

/* Begin PBXSourcesBuildPhase section */
		BBB84AE2248D23B0004A7C76 /* Sources */ = {
			isa = PBXSourcesBuildPhase;
			buildActionMask = 2147483647;
			files = (
				BBB84AEE248D23B0004A7C76 /* ViewController.swift in Sources */,
				8D7289D12497D090007FE172 /* RuleAge.swift in Sources */,
				BBB84AEA248D23B0004A7C76 /* AppDelegate.swift in Sources */,
				BBB84B15248D23F6004A7C76 /* FormValidation.swift in Sources */,
				EAFDCCDA28DC73270038612F /* ValidationTranslator.swift in Sources */,
				EAFDCCD828DC71BD0038612F /* RuleUnique.swift in Sources */,
				BBB84B1E248D241B004A7C76 /* RuleNumeric.swift in Sources */,
				BB09FD7728B90DC200DBD8A0 /* RuleDni.swift in Sources */,
				BB812D3E249E511C007E3CEF /* RuleConfirmPassword.swift in Sources */,
				BBB84B16248D23F6004A7C76 /* Validation.swift in Sources */,
				BBB84AEC248D23B0004A7C76 /* SceneDelegate.swift in Sources */,
				BBB84B1A248D23F6004A7C76 /* RuleRequired.swift in Sources */,
				BBB84B19248D23F6004A7C76 /* RuleLength.swift in Sources */,
				BBB84B18248D23F6004A7C76 /* RuleContainSpecialChars.swift in Sources */,
				BBB84B1B248D23F6004A7C76 /* RuleEmail.swift in Sources */,
				BBB84B1C248D23F6004A7C76 /* Rule.swift in Sources */,
				BBB84B17248D23F6004A7C76 /* RuleContainsNumber.swift in Sources */,
				8D89C2D825126F90005537F1 /* Rules.swift in Sources */,
				43F5E176544B7C7C422020DF /* RuleCombined.swift in Sources */,
			);
			runOnlyForDeploymentPostprocessing = 0;
		};
		BBB84AF8248D23B3004A7C76 /* Sources */ = {
			isa = PBXSourcesBuildPhase;
			buildActionMask = 2147483647;
			files = (
				BBB84B01248D23B3004A7C76 /* RevoValidationTests.swift in Sources */,
				BBE51DC428B90E2D00E4AFDA /* RuleDNITest.swift in Sources */,
			);
			runOnlyForDeploymentPostprocessing = 0;
		};
/* End PBXSourcesBuildPhase section */

/* Begin PBXTargetDependency section */
		BBB84AFE248D23B3004A7C76 /* PBXTargetDependency */ = {
			isa = PBXTargetDependency;
			target = BBB84AE5248D23B0004A7C76 /* RevoValidation */;
			targetProxy = BBB84AFD248D23B3004A7C76 /* PBXContainerItemProxy */;
		};
/* End PBXTargetDependency section */

/* Begin PBXVariantGroup section */
		BBB84AEF248D23B0004A7C76 /* Main.storyboard */ = {
			isa = PBXVariantGroup;
			children = (
				BBB84AF0248D23B0004A7C76 /* Base */,
			);
			name = Main.storyboard;
			sourceTree = "<group>";
		};
		BBB84AF4248D23B3004A7C76 /* LaunchScreen.storyboard */ = {
			isa = PBXVariantGroup;
			children = (
				BBB84AF5248D23B3004A7C76 /* Base */,
			);
			name = LaunchScreen.storyboard;
			sourceTree = "<group>";
		};
/* End PBXVariantGroup section */

/* Begin XCBuildConfiguration section */
		BBB84B03248D23B3004A7C76 /* Debug */ = {
			isa = XCBuildConfiguration;
			buildSettings = {
				ALWAYS_SEARCH_USER_PATHS = NO;
				CLANG_ANALYZER_NONNULL = YES;
				CLANG_ANALYZER_NUMBER_OBJECT_CONVERSION = YES_AGGRESSIVE;
				CLANG_CXX_LANGUAGE_STANDARD = "gnu++14";
				CLANG_CXX_LIBRARY = "libc++";
				CLANG_ENABLE_MODULES = YES;
				CLANG_ENABLE_OBJC_ARC = YES;
				CLANG_ENABLE_OBJC_WEAK = YES;
				CLANG_WARN_BLOCK_CAPTURE_AUTORELEASING = YES;
				CLANG_WARN_BOOL_CONVERSION = YES;
				CLANG_WARN_COMMA = YES;
				CLANG_WARN_CONSTANT_CONVERSION = YES;
				CLANG_WARN_DEPRECATED_OBJC_IMPLEMENTATIONS = YES;
				CLANG_WARN_DIRECT_OBJC_ISA_USAGE = YES_ERROR;
				CLANG_WARN_DOCUMENTATION_COMMENTS = YES;
				CLANG_WARN_EMPTY_BODY = YES;
				CLANG_WARN_ENUM_CONVERSION = YES;
				CLANG_WARN_INFINITE_RECURSION = YES;
				CLANG_WARN_INT_CONVERSION = YES;
				CLANG_WARN_NON_LITERAL_NULL_CONVERSION = YES;
				CLANG_WARN_OBJC_IMPLICIT_RETAIN_SELF = YES;
				CLANG_WARN_OBJC_LITERAL_CONVERSION = YES;
				CLANG_WARN_OBJC_ROOT_CLASS = YES_ERROR;
				CLANG_WARN_QUOTED_INCLUDE_IN_FRAMEWORK_HEADER = YES;
				CLANG_WARN_RANGE_LOOP_ANALYSIS = YES;
				CLANG_WARN_STRICT_PROTOTYPES = YES;
				CLANG_WARN_SUSPICIOUS_MOVE = YES;
				CLANG_WARN_UNGUARDED_AVAILABILITY = YES_AGGRESSIVE;
				CLANG_WARN_UNREACHABLE_CODE = YES;
				CLANG_WARN__DUPLICATE_METHOD_MATCH = YES;
				COPY_PHASE_STRIP = NO;
				DEBUG_INFORMATION_FORMAT = dwarf;
				ENABLE_STRICT_OBJC_MSGSEND = YES;
				ENABLE_TESTABILITY = YES;
				GCC_C_LANGUAGE_STANDARD = gnu11;
				GCC_DYNAMIC_NO_PIC = NO;
				GCC_NO_COMMON_BLOCKS = YES;
				GCC_OPTIMIZATION_LEVEL = 0;
				GCC_PREPROCESSOR_DEFINITIONS = (
					"DEBUG=1",
					"$(inherited)",
				);
				GCC_WARN_64_TO_32_BIT_CONVERSION = YES;
				GCC_WARN_ABOUT_RETURN_TYPE = YES_ERROR;
				GCC_WARN_UNDECLARED_SELECTOR = YES;
				GCC_WARN_UNINITIALIZED_AUTOS = YES_AGGRESSIVE;
				GCC_WARN_UNUSED_FUNCTION = YES;
				GCC_WARN_UNUSED_VARIABLE = YES;
				IPHONEOS_DEPLOYMENT_TARGET = 13.5;
				MTL_ENABLE_DEBUG_INFO = INCLUDE_SOURCE;
				MTL_FAST_MATH = YES;
				ONLY_ACTIVE_ARCH = YES;
				SDKROOT = iphoneos;
				SWIFT_ACTIVE_COMPILATION_CONDITIONS = DEBUG;
				SWIFT_OPTIMIZATION_LEVEL = "-Onone";
			};
			name = Debug;
		};
		BBB84B04248D23B3004A7C76 /* Release */ = {
			isa = XCBuildConfiguration;
			buildSettings = {
				ALWAYS_SEARCH_USER_PATHS = NO;
				CLANG_ANALYZER_NONNULL = YES;
				CLANG_ANALYZER_NUMBER_OBJECT_CONVERSION = YES_AGGRESSIVE;
				CLANG_CXX_LANGUAGE_STANDARD = "gnu++14";
				CLANG_CXX_LIBRARY = "libc++";
				CLANG_ENABLE_MODULES = YES;
				CLANG_ENABLE_OBJC_ARC = YES;
				CLANG_ENABLE_OBJC_WEAK = YES;
				CLANG_WARN_BLOCK_CAPTURE_AUTORELEASING = YES;
				CLANG_WARN_BOOL_CONVERSION = YES;
				CLANG_WARN_COMMA = YES;
				CLANG_WARN_CONSTANT_CONVERSION = YES;
				CLANG_WARN_DEPRECATED_OBJC_IMPLEMENTATIONS = YES;
				CLANG_WARN_DIRECT_OBJC_ISA_USAGE = YES_ERROR;
				CLANG_WARN_DOCUMENTATION_COMMENTS = YES;
				CLANG_WARN_EMPTY_BODY = YES;
				CLANG_WARN_ENUM_CONVERSION = YES;
				CLANG_WARN_INFINITE_RECURSION = YES;
				CLANG_WARN_INT_CONVERSION = YES;
				CLANG_WARN_NON_LITERAL_NULL_CONVERSION = YES;
				CLANG_WARN_OBJC_IMPLICIT_RETAIN_SELF = YES;
				CLANG_WARN_OBJC_LITERAL_CONVERSION = YES;
				CLANG_WARN_OBJC_ROOT_CLASS = YES_ERROR;
				CLANG_WARN_QUOTED_INCLUDE_IN_FRAMEWORK_HEADER = YES;
				CLANG_WARN_RANGE_LOOP_ANALYSIS = YES;
				CLANG_WARN_STRICT_PROTOTYPES = YES;
				CLANG_WARN_SUSPICIOUS_MOVE = YES;
				CLANG_WARN_UNGUARDED_AVAILABILITY = YES_AGGRESSIVE;
				CLANG_WARN_UNREACHABLE_CODE = YES;
				CLANG_WARN__DUPLICATE_METHOD_MATCH = YES;
				COPY_PHASE_STRIP = NO;
				DEBUG_INFORMATION_FORMAT = "dwarf-with-dsym";
				ENABLE_NS_ASSERTIONS = NO;
				ENABLE_STRICT_OBJC_MSGSEND = YES;
				GCC_C_LANGUAGE_STANDARD = gnu11;
				GCC_NO_COMMON_BLOCKS = YES;
				GCC_WARN_64_TO_32_BIT_CONVERSION = YES;
				GCC_WARN_ABOUT_RETURN_TYPE = YES_ERROR;
				GCC_WARN_UNDECLARED_SELECTOR = YES;
				GCC_WARN_UNINITIALIZED_AUTOS = YES_AGGRESSIVE;
				GCC_WARN_UNUSED_FUNCTION = YES;
				GCC_WARN_UNUSED_VARIABLE = YES;
				IPHONEOS_DEPLOYMENT_TARGET = 13.5;
				MTL_ENABLE_DEBUG_INFO = NO;
				MTL_FAST_MATH = YES;
				SDKROOT = iphoneos;
				SWIFT_COMPILATION_MODE = wholemodule;
				SWIFT_OPTIMIZATION_LEVEL = "-O";
				VALIDATE_PRODUCT = YES;
			};
			name = Release;
		};
		BBB84B06248D23B3004A7C76 /* Debug */ = {
			isa = XCBuildConfiguration;
			baseConfigurationReference = F82EF8AB48762E9058C4022E /* Pods-RevoValidation.debug.xcconfig */;
			buildSettings = {
				ASSETCATALOG_COMPILER_APPICON_NAME = AppIcon;
				CODE_SIGN_STYLE = Automatic;
				DEVELOPMENT_TEAM = F2VSE3YKKD;
				INFOPLIST_FILE = RevoValidation/Info.plist;
				LD_RUNPATH_SEARCH_PATHS = (
					"$(inherited)",
					"@executable_path/Frameworks",
				);
				PRODUCT_BUNDLE_IDENTIFIER = works.revo.RevoValidation;
				PRODUCT_NAME = "$(TARGET_NAME)";
				SWIFT_VERSION = 5.0;
				TARGETED_DEVICE_FAMILY = "1,2";
			};
			name = Debug;
		};
		BBB84B07248D23B3004A7C76 /* Release */ = {
			isa = XCBuildConfiguration;
			baseConfigurationReference = 5A599D79E3EF4BA409FAC3A3 /* Pods-RevoValidation.release.xcconfig */;
			buildSettings = {
				ASSETCATALOG_COMPILER_APPICON_NAME = AppIcon;
				CODE_SIGN_STYLE = Automatic;
				DEVELOPMENT_TEAM = F2VSE3YKKD;
				INFOPLIST_FILE = RevoValidation/Info.plist;
				LD_RUNPATH_SEARCH_PATHS = (
					"$(inherited)",
					"@executable_path/Frameworks",
				);
				PRODUCT_BUNDLE_IDENTIFIER = works.revo.RevoValidation;
				PRODUCT_NAME = "$(TARGET_NAME)";
				SWIFT_VERSION = 5.0;
				TARGETED_DEVICE_FAMILY = "1,2";
			};
			name = Release;
		};
		BBB84B09248D23B3004A7C76 /* Debug */ = {
			isa = XCBuildConfiguration;
			baseConfigurationReference = 0BF68CC41C59C85FC53DC0B3 /* Pods-RevoValidationTests.debug.xcconfig */;
			buildSettings = {
				ALWAYS_EMBED_SWIFT_STANDARD_LIBRARIES = YES;
				BUNDLE_LOADER = "$(TEST_HOST)";
				CODE_SIGN_STYLE = Automatic;
				DEVELOPMENT_TEAM = F2VSE3YKKD;
				INFOPLIST_FILE = RevoValidationTests/Info.plist;
				IPHONEOS_DEPLOYMENT_TARGET = 13.5;
				LD_RUNPATH_SEARCH_PATHS = (
					"$(inherited)",
					"@executable_path/Frameworks",
					"@loader_path/Frameworks",
				);
				PRODUCT_BUNDLE_IDENTIFIER = works.revo.RevoValidationTests;
				PRODUCT_NAME = "$(TARGET_NAME)";
				SWIFT_VERSION = 5.0;
				TARGETED_DEVICE_FAMILY = "1,2";
				TEST_HOST = "$(BUILT_PRODUCTS_DIR)/RevoValidation.app/RevoValidation";
			};
			name = Debug;
		};
		BBB84B0A248D23B3004A7C76 /* Release */ = {
			isa = XCBuildConfiguration;
			baseConfigurationReference = 9985FDFA2146CFC0ABE31997 /* Pods-RevoValidationTests.release.xcconfig */;
			buildSettings = {
				ALWAYS_EMBED_SWIFT_STANDARD_LIBRARIES = YES;
				BUNDLE_LOADER = "$(TEST_HOST)";
				CODE_SIGN_STYLE = Automatic;
				DEVELOPMENT_TEAM = F2VSE3YKKD;
				INFOPLIST_FILE = RevoValidationTests/Info.plist;
				IPHONEOS_DEPLOYMENT_TARGET = 13.5;
				LD_RUNPATH_SEARCH_PATHS = (
					"$(inherited)",
					"@executable_path/Frameworks",
					"@loader_path/Frameworks",
				);
				PRODUCT_BUNDLE_IDENTIFIER = works.revo.RevoValidationTests;
				PRODUCT_NAME = "$(TARGET_NAME)";
				SWIFT_VERSION = 5.0;
				TARGETED_DEVICE_FAMILY = "1,2";
				TEST_HOST = "$(BUILT_PRODUCTS_DIR)/RevoValidation.app/RevoValidation";
			};
			name = Release;
		};
/* End XCBuildConfiguration section */

/* Begin XCConfigurationList section */
		BBB84AE1248D23B0004A7C76 /* Build configuration list for PBXProject "RevoValidation" */ = {
			isa = XCConfigurationList;
			buildConfigurations = (
				BBB84B03248D23B3004A7C76 /* Debug */,
				BBB84B04248D23B3004A7C76 /* Release */,
			);
			defaultConfigurationIsVisible = 0;
			defaultConfigurationName = Release;
		};
		BBB84B05248D23B3004A7C76 /* Build configuration list for PBXNativeTarget "RevoValidation" */ = {
			isa = XCConfigurationList;
			buildConfigurations = (
				BBB84B06248D23B3004A7C76 /* Debug */,
				BBB84B07248D23B3004A7C76 /* Release */,
			);
			defaultConfigurationIsVisible = 0;
			defaultConfigurationName = Release;
		};
		BBB84B08248D23B3004A7C76 /* Build configuration list for PBXNativeTarget "RevoValidationTests" */ = {
			isa = XCConfigurationList;
			buildConfigurations = (
				BBB84B09248D23B3004A7C76 /* Debug */,
				BBB84B0A248D23B3004A7C76 /* Release */,
			);
			defaultConfigurationIsVisible = 0;
			defaultConfigurationName = Release;
		};
/* End XCConfigurationList section */
	};
	rootObject = BBB84ADE248D23B0004A7C76 /* Project object */;
}
